
Microsoft Visual Studio Solution File, Format Version 12.00
# Visual Studio Version 16
VisualStudioVersion = 16.0.30804.86
MinimumVisualStudioVersion = 10.0.40219.1
Project("{FAE04EC0-301F-11D3-BF4B-00C04F79EFBC}") = "BindingCodeBehind", "BindingCodeBehind\BindingCodeBehind.csproj", "{3B847200-9F83-4724-8E23-515BB2141F50}"
EndProject
Global
	GlobalSection(SolutionConfigurationPlatforms) = preSolution
		Debug|Any CPU = Debug|Any CPU
		Release|Any CPU = Release|Any CPU
	EndGlobalSection
	GlobalSection(ProjectConfigurationPlatforms) = postSolution
		{3B847200-9F83-4724-8E23-515BB2141F50}.Debug|Any CPU.ActiveCfg = Debug|Any CPU
		{3B847200-9F83-4724-8E23-515BB2141F50}.Debug|Any CPU.Build.0 = Debug|Any CPU
		{3B847200-9F83-4724-8E23-515BB2141F50}.Release|Any CPU.ActiveCfg = Release|Any CPU
		{3B847200-9F83-4724-8E23-515BB2141F50}.Release|Any CPU.Build.0 = Release|Any CPU
	EndGlobalSection
	GlobalSection(SolutionProperties) = preSolution
		HideSolutionNode = FALSE
	EndGlobalSection
	GlobalSection(ExtensibilityGlobals) = postSolution
		SolutionGuid = {ACF1A20A-897C-4863-86ED-8B7769DA50F7}
	EndGlobalSection
EndGlobal
